{
  "nodes": {
    "base16-schemes": {
      "flake": false,
      "locked": {
        "lastModified": 1654895891,
        "narHash": "sha256-xYYmZkHnyLCUBAkqkZ7v1Lc5m39857MukQLMRtGuvdk=",
        "owner": "base16-project",
        "repo": "base16-schemes",
        "rev": "7c247f734eac7f04518c6e28d098635ee8dcabf5",
        "type": "github"
      },
      "original": {
        "owner": "base16-project",
        "repo": "base16-schemes",
        "type": "github"
      }
    },
    "root": {
      "inputs": {
        "base16-schemes": "base16-schemes"
      }
    }
  },
  "root": "root",
  "version": 7
}
